
Microsoft Visual Studio Solution File, Format Version 12.00
Project("{FAE04EC0-301F-11D3-BF4B-00C04F79EFBC}") = "FatTree", "FatTree\FatTree.csproj", "{79E4E3A9-30DF-439D-ABA5-9EDD20F3ED60}"
EndProject
Project("{FAE04EC0-301F-11D3-BF4B-00C04F79EFBC}") = "ConsoleApp", "ConsoleApp\ConsoleApp.csproj", "{62E1AF6D-500F-4E58-A1F5-37386495402A}"
EndProject
Global
	GlobalSection(SolutionConfigurationPlatforms) = preSolution
		Debug|Any CPU = Debug|Any CPU
		Release|Any CPU = Release|Any CPU
	EndGlobalSection
	GlobalSection(ProjectConfigurationPlatforms) = postSolution
		{79E4E3A9-30DF-439D-ABA5-9EDD20F3ED60}.Debug|Any CPU.ActiveCfg = Debug|Any CPU
		{79E4E3A9-30DF-439D-ABA5-9EDD20F3ED60}.Debug|Any CPU.Build.0 = Debug|Any CPU
		{79E4E3A9-30DF-439D-ABA5-9EDD20F3ED60}.Release|Any CPU.ActiveCfg = Release|Any CPU
		{79E4E3A9-30DF-439D-ABA5-9EDD20F3ED60}.Release|Any CPU.Build.0 = Release|Any CPU
		{62E1AF6D-500F-4E58-A1F5-37386495402A}.Debug|Any CPU.ActiveCfg = Debug|Any CPU
		{62E1AF6D-500F-4E58-A1F5-37386495402A}.Debug|Any CPU.Build.0 = Debug|Any CPU
		{62E1AF6D-500F-4E58-A1F5-37386495402A}.Release|Any CPU.ActiveCfg = Release|Any CPU
		{62E1AF6D-500F-4E58-A1F5-37386495402A}.Release|Any CPU.Build.0 = Release|Any CPU
	EndGlobalSection
EndGlobal
